
Microsoft Visual Studio Solution File, Format Version 12.00
# Visual Studio Version 17
VisualStudioVersion = 17.1.32210.238
MinimumVisualStudioVersion = 10.0.40219.1
Project("{FAE04EC0-301F-11D3-BF4B-00C04F79EFBC}") = "hw2.5.22", "hw2.5.22\hw2.5.22.csproj", "{AA60C753-2DB5-4818-AA7A-22BB4668FE15}"
EndProject
Global
	GlobalSection(SolutionConfigurationPlatforms) = preSolution
		Debug|Any CPU = Debug|Any CPU
		Release|Any CPU = Release|Any CPU
	EndGlobalSection
	GlobalSection(ProjectConfigurationPlatforms) = postSolution
		{AA60C753-2DB5-4818-AA7A-22BB4668FE15}.Debug|Any CPU.ActiveCfg = Debug|Any CPU
		{AA60C753-2DB5-4818-AA7A-22BB4668FE15}.Debug|Any CPU.Build.0 = Debug|Any CPU
		{AA60C753-2DB5-4818-AA7A-22BB4668FE15}.Release|Any CPU.ActiveCfg = Release|Any CPU
		{AA60C753-2DB5-4818-AA7A-22BB4668FE15}.Release|Any CPU.Build.0 = Release|Any CPU
	EndGlobalSection
	GlobalSection(SolutionProperties) = preSolution
		HideSolutionNode = FALSE
	EndGlobalSection
	GlobalSection(ExtensibilityGlobals) = postSolution
		SolutionGuid = {3C4501AF-A93F-4929-A305-8A26E03B0B59}
	EndGlobalSection
EndGlobal
